
Microsoft Visual Studio Solution File, Format Version 12.00
# Visual Studio Version 17
VisualStudioVersion = 17.14.36121.58
MinimumVisualStudioVersion = 10.0.40219.1
Project("{FAE04EC0-301F-11D3-BF4B-00C04F79EFBC}") = "LVGLSharp.Core", "src\LVGLSharp.Core\LVGLSharp.Core.csproj", "{D065EC18-6DB2-41BF-9573-99E071BB18C5}"
EndProject
Project("{2150E333-8FDC-42A3-9474-1A3956D46DE8}") = "Demos", "Demos", "{02EA681E-C7D8-13C7-8484-4AC65E1B71E8}"
EndProject
Project("{FAE04EC0-301F-11D3-BF4B-00C04F79EFBC}") = "SerialPort", "src\Demos\SerialPort\SerialPort.csproj", "{D371C54A-E3C9-40EB-BCBD-9FEDB246AE76}"
EndProject
Project("{FAE04EC0-301F-11D3-BF4B-00C04F79EFBC}") = "LVGLSharp.Runtime.Windows", "src\LVGLSharp.Windows\LVGLSharp.Runtime.Windows.csproj", "{91F173AD-9AF0-F87F-FEF3-7E4742BABCB3}"
EndProject
Project("{FAE04EC0-301F-11D3-BF4B-00C04F79EFBC}") = "LVGLSharp.Runtime.Linux", "src\LVGLSharp.Runtime.Linux\LVGLSharp.Runtime.Linux.csproj", "{8836E179-4FC7-4EAD-AD1B-91BFA30DD3F7}"
EndProject
Project("{FAE04EC0-301F-11D3-BF4B-00C04F79EFBC}") = "LVGLSharp.Interop", "src\LVGLSharp.Interop\LVGLSharp.Interop.csproj", "{6EF0D260-CD1A-5486-DB08-B17DB37F29D7}"
EndProject
Global
	GlobalSection(SolutionConfigurationPlatforms) = preSolution
		Debug|Any CPU = Debug|Any CPU
		Release|Any CPU = Release|Any CPU
	EndGlobalSection
	GlobalSection(ProjectConfigurationPlatforms) = postSolution
		{D065EC18-6DB2-41BF-9573-99E071BB18C5}.Debug|Any CPU.ActiveCfg = Debug|Any CPU
		{D065EC18-6DB2-41BF-9573-99E071BB18C5}.Debug|Any CPU.Build.0 = Debug|Any CPU
		{D065EC18-6DB2-41BF-9573-99E071BB18C5}.Release|Any CPU.ActiveCfg = Release|Any CPU
		{D065EC18-6DB2-41BF-9573-99E071BB18C5}.Release|Any CPU.Build.0 = Release|Any CPU
		{D371C54A-E3C9-40EB-BCBD-9FEDB246AE76}.Debug|Any CPU.ActiveCfg = Debug|Any CPU
		{D371C54A-E3C9-40EB-BCBD-9FEDB246AE76}.Debug|Any CPU.Build.0 = Debug|Any CPU
		{D371C54A-E3C9-40EB-BCBD-9FEDB246AE76}.Release|Any CPU.ActiveCfg = Release|Any CPU
		{D371C54A-E3C9-40EB-BCBD-9FEDB246AE76}.Release|Any CPU.Build.0 = Release|Any CPU
		{91F173AD-9AF0-F87F-FEF3-7E4742BABCB3}.Debug|Any CPU.ActiveCfg = Debug|Any CPU
		{91F173AD-9AF0-F87F-FEF3-7E4742BABCB3}.Debug|Any CPU.Build.0 = Debug|Any CPU
		{91F173AD-9AF0-F87F-FEF3-7E4742BABCB3}.Release|Any CPU.ActiveCfg = Release|Any CPU
		{91F173AD-9AF0-F87F-FEF3-7E4742BABCB3}.Release|Any CPU.Build.0 = Release|Any CPU
		{8836E179-4FC7-4EAD-AD1B-91BFA30DD3F7}.Debug|Any CPU.ActiveCfg = Debug|Any CPU
		{8836E179-4FC7-4EAD-AD1B-91BFA30DD3F7}.Debug|Any CPU.Build.0 = Debug|Any CPU
		{8836E179-4FC7-4EAD-AD1B-91BFA30DD3F7}.Release|Any CPU.ActiveCfg = Release|Any CPU
		{8836E179-4FC7-4EAD-AD1B-91BFA30DD3F7}.Release|Any CPU.Build.0 = Release|Any CPU
		{6EF0D260-CD1A-5486-DB08-B17DB37F29D7}.Debug|Any CPU.ActiveCfg = Debug|Any CPU
		{6EF0D260-CD1A-5486-DB08-B17DB37F29D7}.Debug|Any CPU.Build.0 = Debug|Any CPU
		{6EF0D260-CD1A-5486-DB08-B17DB37F29D7}.Release|Any CPU.ActiveCfg = Release|Any CPU
		{6EF0D260-CD1A-5486-DB08-B17DB37F29D7}.Release|Any CPU.Build.0 = Release|Any CPU
	EndGlobalSection
	GlobalSection(SolutionProperties) = preSolution
		HideSolutionNode = FALSE
	EndGlobalSection
	GlobalSection(NestedProjects) = preSolution
		{D371C54A-E3C9-40EB-BCBD-9FEDB246AE76} = {02EA681E-C7D8-13C7-8484-4AC65E1B71E8}
	EndGlobalSection
	GlobalSection(ExtensibilityGlobals) = postSolution
		SolutionGuid = {03A6E35C-AA75-408E-ABBE-C67319A14A6A}
	EndGlobalSection
EndGlobal
